<?xml version="1.0" encoding="utf-8"?>
<Project ToolsVersion="4.0" xmlns="http://schemas.microsoft.com/developer/msbuild/2003">
  <ItemGroup>
    <Filter Include="Source Files">
      <UniqueIdentifier>{4fc737f2-c7a5-4376-a066-2a32d752a2ff}</UniqueIdentifier>
      <Extensions>c</Extensions>
    </Filter>
    <Filter Include="Header Files">
      <UniqueIdentifier>{93995381-89bd-4b04-88eb-625fbe52ebfb}</UniqueIdentifier>
      <Extensions>h</Extensions>
    </Filter>
  </ItemGroup>
  <ItemGroup>
    <ClInclude Include=".\config.h">
      <Filter>Header Files</Filter>
    </ClInclude>
    <ClInclude Include="..\libusb\libusb.h">
      <Filter>Header Files</Filter>
    </ClInclude>
  </ItemGroup>
  <ItemGroup>
    <ClCompile Include="..\examples\dpfp.c">
      <Filter>Source Files</Filter>
    </ClCompile>
  </ItemGroup>
</Project>