<?xml version="1.0" encoding="utf-8"?>
<Project ToolsVersion="4.0" xmlns="http://schemas.microsoft.com/developer/msbuild/2003">
  <ItemGroup>
    <ClCompile Include="..\libusb\core.c">
      <Filter>Source Files</Filter>
    </ClCompile>
    <ClCompile Include="..\libusb\descriptor.c">
      <Filter>Source Files</Filter>
    </ClCompile>
    <ClCompile Include="..\libusb\hotplug.c">
      <Filter>Source Files</Filter>
    </ClCompile>
    <ClCompile Include="..\libusb\io.c">
      <Filter>Source Files</Filter>
    </ClCompile>
    <ClCompile Include="..\libusb\os\poll_windows.c">
      <Filter>Source Files</Filter>
    </ClCompile>
    <ClCompile Include="..\libusb\strerror.c">
      <Filter>Source Files</Filter>
    </ClCompile>
    <ClCompile Include="..\libusb\sync.c">
      <Filter>Source Files</Filter>
    </ClCompile>
    <ClCompile Include="..\libusb\os\threads_windows.c">
      <Filter>Source Files</Filter>
    </ClCompile>
    <ClCompile Include="..\libusb\os\windows_usb.c">
      <Filter>Source Files</Filter>
    </ClCompile>
  </ItemGroup>
  <ItemGroup>
    <ClInclude Include=".\config.h">
      <Filter>Header Files</Filter>
    </ClInclude>
    <ClInclude Include="..\libusb\hotplug.h">
      <Filter>Header Files</Filter>
    </ClInclude>
    <ClInclude Include="..\libusb\libusb.h">
      <Filter>Header Files</Filter>
    </ClInclude>
    <ClInclude Include="..\libusb\libusbi.h">
      <Filter>Header Files</Filter>
    </ClInclude>
    <ClInclude Include="..\libusb\os\poll_windows.h">
      <Filter>Header Files</Filter>
    </ClInclude>
    <ClInclude Include="..\libusb\os\threads_windows.h">
      <Filter>Header Files</Filter>
    </ClInclude>
    <ClInclude Include="..\libusb\version.h">
      <Filter>Header Files</Filter>
    </ClInclude>
    <ClInclude Include="..\libusb\version_nano.h">
      <Filter>Header Files</Filter>
    </ClInclude>
    <ClInclude Include="..\libusb\os\windows_common.h">
      <Filter>Header Files</Filter>
    </ClInclude>
    <ClInclude Include="..\libusb\os\windows_usb.h">
      <Filter>Header Files</Filter>
    </ClInclude>
  </ItemGroup>
  <ItemGroup>
    <Filter Include="Header Files">
      <UniqueIdentifier>{1bc6f2dd-6042-4b4c-9de6-08c3e2124525}</UniqueIdentifier>
    </Filter>
    <Filter Include="Source Files">
      <UniqueIdentifier>{660ac745-1935-4af8-8340-2f275dfdb753}</UniqueIdentifier>
    </Filter>
  </ItemGroup>
</Project>