<?xml version="1.0" encoding="utf-8"?>
<Project ToolsVersion="4.0" xmlns="http://schemas.microsoft.com/developer/msbuild/2003">
  <ItemGroup>
    <Filter Include="Source Files">
      <UniqueIdentifier>{b331c0a5-4768-422a-9194-b30409d686f1}</UniqueIdentifier>
      <Extensions>c;def</Extensions>
    </Filter>
    <Filter Include="Header Files">
      <UniqueIdentifier>{2a88dc3a-a289-444d-8a31-5fc2f7b1a9ad}</UniqueIdentifier>
      <Extensions>h</Extensions>
    </Filter>
    <Filter Include="Resource Files">
      <UniqueIdentifier>{56507e4d-3872-49b5-b9b1-e49829611792}</UniqueIdentifier>
      <Extensions>rc</Extensions>
    </Filter>
  </ItemGroup>
  <ItemGroup>
    <ClInclude Include=".\config.h">
      <Filter>Header Files</Filter>
    </ClInclude>
    <ClInclude Include="..\libusb\os\events_windows.h">
      <Filter>Header Files</Filter>
    </ClInclude>
    <ClInclude Include="..\libusb\hotplug.h">
      <Filter>Header Files</Filter>
    </ClInclude>
    <ClInclude Include="..\libusb\libusb.h">
      <Filter>Header Files</Filter>
    </ClInclude>
    <ClInclude Include="..\libusb\libusbi.h">
      <Filter>Header Files</Filter>
    </ClInclude>
    <ClInclude Include="..\libusb\os\threads_windows.h">
      <Filter>Header Files</Filter>
    </ClInclude>
    <ClInclude Include="..\libusb\version.h">
      <Filter>Header Files</Filter>
    </ClInclude>
    <ClInclude Include="..\libusb\version_nano.h">
      <Filter>Header Files</Filter>
    </ClInclude>
    <ClInclude Include="..\libusb\os\windows_common.h">
      <Filter>Header Files</Filter>
    </ClInclude>
    <ClInclude Include="..\libusb\os\windows_usbdk.h">
      <Filter>Header Files</Filter>
    </ClInclude>
    <ClInclude Include="..\libusb\os\windows_winusb.h">
      <Filter>Header Files</Filter>
    </ClInclude>
  </ItemGroup>
  <ItemGroup>
    <ResourceCompile Include="..\libusb\libusb-1.0.rc">
      <Filter>Resource Files</Filter>
    </ResourceCompile>
  </ItemGroup>
  <ItemGroup>
    <ClCompile Include="..\libusb\core.c">
      <Filter>Source Files</Filter>
    </ClCompile>
    <ClCompile Include="..\libusb\descriptor.c">
      <Filter>Source Files</Filter>
    </ClCompile>
    <ClCompile Include="..\libusb\os\events_windows.c">
      <Filter>Source Files</Filter>
    </ClCompile>
    <ClCompile Include="..\libusb\hotplug.c">
      <Filter>Source Files</Filter>
    </ClCompile>
    <ClCompile Include="..\libusb\io.c">
      <Filter>Source Files</Filter>
    </ClCompile>
    <ClCompile Include="..\libusb\strerror.c">
      <Filter>Source Files</Filter>
    </ClCompile>
    <ClCompile Include="..\libusb\sync.c">
      <Filter>Source Files</Filter>
    </ClCompile>
    <ClCompile Include="..\libusb\os\threads_windows.c">
      <Filter>Source Files</Filter>
    </ClCompile>
    <ClCompile Include="..\libusb\os\windows_common.c">
      <Filter>Source Files</Filter>
    </ClCompile>
    <ClCompile Include="..\libusb\os\windows_usbdk.c">
      <Filter>Source Files</Filter>
    </ClCompile>
    <ClCompile Include="..\libusb\os\windows_winusb.c">
      <Filter>Source Files</Filter>
    </ClCompile>
  </ItemGroup>
  <ItemGroup>
    <None Include="..\libusb\libusb-1.0.def">
      <Filter>Source Files</Filter>
    </None>
  </ItemGroup>
</Project>