<?xml version="1.0" encoding="utf-8"?>
<Project ToolsVersion="4.0" xmlns="http://schemas.microsoft.com/developer/msbuild/2003">
  <ItemGroup>
    <Filter Include="Source Files">
      <UniqueIdentifier>{9c3f4e23-69bf-41de-adfd-324d8a986054}</UniqueIdentifier>
      <Extensions>c</Extensions>
    </Filter>
    <Filter Include="Header Files">
      <UniqueIdentifier>{0c2492ba-a6ee-4a3d-94c3-3e1ec440c8dd}</UniqueIdentifier>
      <Extensions>h</Extensions>
    </Filter>
  </ItemGroup>
  <ItemGroup>
    <ClInclude Include=".\config.h">
      <Filter>Header Files</Filter>
    </ClInclude>
    <ClInclude Include="..\libusb\libusb.h">
      <Filter>Header Files</Filter>
    </ClInclude>
    <ClInclude Include="..\tests\libusb_testlib.h">
      <Filter>Header Files</Filter>
    </ClInclude>
  </ItemGroup>
  <ItemGroup>
    <ClCompile Include="..\tests\stress.c">
      <Filter>Source Files</Filter>
    </ClCompile>
    <ClCompile Include="..\tests\testlib.c">
      <Filter>Source Files</Filter>
    </ClCompile>
  </ItemGroup>
</Project>