<?xml version="1.0" encoding="utf-8"?>
<Project ToolsVersion="4.0" xmlns="http://schemas.microsoft.com/developer/msbuild/2003">
  <ItemGroup>
    <Filter Include="Source Files">
      <UniqueIdentifier>{4a89b408-009b-41e4-bb05-78f07a7c7f82}</UniqueIdentifier>
      <Extensions>c</Extensions>
    </Filter>
  </ItemGroup>
  <ItemGroup>
    <ClCompile Include="..\examples\testlibusb.c">
      <Filter>Source Files</Filter>
    </ClCompile>
  </ItemGroup>
</Project>